
Microsoft Visual Studio Solution File, Format Version 12.00
# Visual Studio Version 17
VisualStudioVersion = 17.2.32630.192
MinimumVisualStudioVersion = 10.0.40219.1
Project("{9A19103F-16F7-4668-BE54-9A1E7A4F7556}") = "Mojodoo", "Mojodoo\Mojodoo.csproj", "{FFCD9776-A051-4AFF-BCEF-B241E8499250}"
EndProject
Global
	GlobalSection(SolutionConfigurationPlatforms) = preSolution
		Debug|Any CPU = Debug|Any CPU
		Release|Any CPU = Release|Any CPU
	EndGlobalSection
	GlobalSection(ProjectConfigurationPlatforms) = postSolution
		{FFCD9776-A051-4AFF-BCEF-B241E8499250}.Debug|Any CPU.ActiveCfg = Debug|Any CPU
		{FFCD9776-A051-4AFF-BCEF-B241E8499250}.Debug|Any CPU.Build.0 = Debug|Any CPU
		{FFCD9776-A051-4AFF-BCEF-B241E8499250}.Release|Any CPU.ActiveCfg = Release|Any CPU
		{FFCD9776-A051-4AFF-BCEF-B241E8499250}.Release|Any CPU.Build.0 = Release|Any CPU
	EndGlobalSection
	GlobalSection(SolutionProperties) = preSolution
		HideSolutionNode = FALSE
	EndGlobalSection
	GlobalSection(ExtensibilityGlobals) = postSolution
		SolutionGuid = {C459F8F7-5462-4F9B-A911-23F2E7F2F906}
	EndGlobalSection
EndGlobal
